
Microsoft Visual Studio Solution File, Format Version 12.00
# Visual Studio Version 16
VisualStudioVersion = 16.0.31729.503
MinimumVisualStudioVersion = 10.0.40219.1
Project("{9A19103F-16F7-4668-BE54-9A1E7A4F7556}") = "AnnuaireBloc4API", "Annuaire Bloc 4 API\AnnuaireBloc4API.csproj", "{262C6B7C-FB5B-48F5-BFCE-F10AC8CF6776}"
EndProject
Global
	GlobalSection(SolutionConfigurationPlatforms) = preSolution
		Debug|Any CPU = Debug|Any CPU
		Release|Any CPU = Release|Any CPU
	EndGlobalSection
	GlobalSection(ProjectConfigurationPlatforms) = postSolution
		{262C6B7C-FB5B-48F5-BFCE-F10AC8CF6776}.Debug|Any CPU.ActiveCfg = Debug|Any CPU
		{262C6B7C-FB5B-48F5-BFCE-F10AC8CF6776}.Debug|Any CPU.Build.0 = Debug|Any CPU
		{262C6B7C-FB5B-48F5-BFCE-F10AC8CF6776}.Release|Any CPU.ActiveCfg = Release|Any CPU
		{262C6B7C-FB5B-48F5-BFCE-F10AC8CF6776}.Release|Any CPU.Build.0 = Release|Any CPU
	EndGlobalSection
	GlobalSection(SolutionProperties) = preSolution
		HideSolutionNode = FALSE
	EndGlobalSection
	GlobalSection(ExtensibilityGlobals) = postSolution
		SolutionGuid = {E1825382-439A-4106-A8F9-6DE6C937A353}
	EndGlobalSection
EndGlobal
